// !$*UTF8*$!
{
	archiveVersion = 1;
	classes = {
	};
	objectVersion = 48;
	objects = {

/* Begin PBXBuildFile section */
		0447A3F520D5726300C7FBB4 /* AppDelegate.swift in Sources */ = {isa = PBXBuildFile; fileRef = 0447A3F420D5726300C7FBB4 /* AppDelegate.swift */; };
		0447A3F720D5726300C7FBB4 /* ViewController.swift in Sources */ = {isa = PBXBuildFile; fileRef = 0447A3F620D5726300C7FBB4 /* ViewController.swift */; };
		0447A3FA20D5726300C7FBB4 /* Main.storyboard in Resources */ = {isa = PBXBuildFile; fileRef = 0447A3F820D5726300C7FBB4 /* Main.storyboard */; };
		0447A3FC20D5726300C7FBB4 /* Assets.xcassets in Resources */ = {isa = PBXBuildFile; fileRef = 0447A3FB20D5726300C7FBB4 /* Assets.xcassets */; };
		0447A3FF20D5726300C7FBB4 /* LaunchScreen.storyboard in Resources */ = {isa = PBXBuildFile; fileRef = 0447A3FD20D5726300C7FBB4 /* LaunchScreen.storyboard */; };
		0447A40A20D5726300C7FBB4 /* CountTests.swift in Sources */ = {isa = PBXBuildFile; fileRef = 0447A40920D5726300C7FBB4 /* CountTests.swift */; };
		0447A41520D5726300C7FBB4 /* CountUITests.swift in Sources */ = {isa = PBXBuildFile; fileRef = 0447A41420D5726300C7FBB4 /* CountUITests.swift */; };
		0447A42520D5747B00C7FBB4 /*  LOSER.jpg in Resources */ = {isa = PBXBuildFile; fileRef = 0447A42420D5747B00C7FBB4 /*  LOSER.jpg */; };
/* End PBXBuildFile section */

/* Begin PBXContainerItemProxy section */
		0447A40620D5726300C7FBB4 /* PBXContainerItemProxy */ = {
			isa = PBXContainerItemProxy;
			containerPortal = 0447A3E920D5726200C7FBB4 /* Project object */;
			proxyType = 1;
			remoteGlobalIDString = 0447A3F020D5726300C7FBB4;
			remoteInfo = Count;
		};
		0447A41120D5726300C7FBB4 /* PBXContainerItemProxy */ = {
			isa = PBXContainerItemProxy;
			containerPortal = 0447A3E920D5726200C7FBB4 /* Project object */;
			proxyType = 1;
			remoteGlobalIDString = 0447A3F020D5726300C7FBB4;
			remoteInfo = Count;
		};
/* End PBXContainerItemProxy section */

/* Begin PBXFileReference section */
		0447A3F120D5726300C7FBB4 /* Count.app */ = {isa = PBXFileReference; explicitFileType = wrapper.application; includeInIndex = 0; path = Count.app; sourceTree = BUILT_PRODUCTS_DIR; };
		0447A3F420D5726300C7FBB4 /* AppDelegate.swift */ = {isa = PBXFileReference; lastKnownFileType = sourcecode.swift; path = AppDelegate.swift; sourceTree = "<group>"; };
		0447A3F620D5726300C7FBB4 /* ViewController.swift */ = {isa = PBXFileReference; lastKnownFileType = sourcecode.swift; path = ViewController.swift; sourceTree = "<group>"; };
		0447A3F920D5726300C7FBB4 /* Base */ = {isa = PBXFileReference; lastKnownFileType = file.storyboard; name = Base; path = Base.lproj/Main.storyboard; sourceTree = "<group>"; };
		0447A3FB20D5726300C7FBB4 /* Assets.xcassets */ = {isa = PBXFileReference; lastKnownFileType = folder.assetcatalog; path = Assets.xcassets; sourceTree = "<group>"; };
		0447A3FE20D5726300C7FBB4 /* Base */ = {isa = PBXFileReference; lastKnownFileType = file.storyboard; name = Base; path = Base.lproj/LaunchScreen.storyboard; sourceTree = "<group>"; };
		0447A40020D5726300C7FBB4 /* Info.plist */ = {isa = PBXFileReference; lastKnownFileType = text.plist.xml; path = Info.plist; sourceTree = "<group>"; };
		0447A40520D5726300C7FBB4 /* CountTests.xctest */ = {isa = PBXFileReference; explicitFileType = wrapper.cfbundle; includeInIndex = 0; path = CountTests.xctest; sourceTree = BUILT_PRODUCTS_DIR; };
		0447A40920D5726300C7FBB4 /* CountTests.swift */ = {isa = PBXFileReference; lastKnownFileType = sourcecode.swift; path = CountTests.swift; sourceTree = "<group>"; };
		0447A40B20D5726300C7FBB4 /* Info.plist */ = {isa = PBXFileReference; lastKnownFileType = text.plist.xml; path = Info.plist; sourceTree = "<group>"; };
		0447A41020D5726300C7FBB4 /* CountUITests.xctest */ = {isa = PBXFileReference; explicitFileType = wrapper.cfbundle; includeInIndex = 0; path = CountUITests.xctest; sourceTree = BUILT_PRODUCTS_DIR; };
		0447A41420D5726300C7FBB4 /* CountUITests.swift */ = {isa = PBXFileReference; lastKnownFileType = sourcecode.swift; path = CountUITests.swift; sourceTree = "<group>"; };
		0447A41620D5726300C7FBB4 /* Info.plist */ = {isa = PBXFileReference; lastKnownFileType = text.plist.xml; path = Info.plist; sourceTree = "<group>"; };
		0447A42420D5747B00C7FBB4 /*  LOSER.jpg */ = {isa = PBXFileReference; lastKnownFileType = image.jpeg; name = " LOSER.jpg"; path = "../../../Documents/写真/ LOSER.jpg"; sourceTree = "<group>"; };
/* End PBXFileReference section */

/* Begin PBXFrameworksBuildPhase section */
		0447A3EE20D5726300C7FBB4 /* Frameworks */ = {
			isa = PBXFrameworksBuildPhase;
			buildActionMask = 2147483647;
			files = (
			);
			runOnlyForDeploymentPostprocessing = 0;
		};
		0447A40220D5726300C7FBB4 /* Frameworks */ = {
			isa = PBXFrameworksBuildPhase;
			buildActionMask = 2147483647;
			files = (
			);
			runOnlyForDeploymentPostprocessing = 0;
		};
		0447A40D20D5726300C7FBB4 /* Frameworks */ = {
			isa = PBXFrameworksBuildPhase;
			buildActionMask = 2147483647;
			files = (
			);
			runOnlyForDeploymentPostprocessing = 0;
		};
/* End PBXFrameworksBuildPhase section */

/* Begin PBXGroup section */
		0447A3E820D5726200C7FBB4 = {
			isa = PBXGroup;
			children = (
				0447A3F320D5726300C7FBB4 /* Count */,
				0447A40820D5726300C7FBB4 /* CountTests */,
				0447A41320D5726300C7FBB4 /* CountUITests */,
				0447A3F220D5726300C7FBB4 /* Products */,
			);
			sourceTree = "<group>";
		};
		0447A3F220D5726300C7FBB4 /* Products */ = {
			isa = PBXGroup;
			children = (
				0447A3F120D5726300C7FBB4 /* Count.app */,
				0447A40520D5726300C7FBB4 /* CountTests.xctest */,
				0447A41020D5726300C7FBB4 /* CountUITests.xctest */,
			);
			name = Products;
			sourceTree = "<group>";
		};
		0447A3F320D5726300C7FBB4 /* Count */ = {
			isa = PBXGroup;
			children = (
				0447A42420D5747B00C7FBB4 /*  LOSER.jpg */,
				0447A3F420D5726300C7FBB4 /* AppDelegate.swift */,
				0447A3F620D5726300C7FBB4 /* ViewController.swift */,
				0447A3F820D5726300C7FBB4 /* Main.storyboard */,
				0447A3FB20D5726300C7FBB4 /* Assets.xcassets */,
				0447A3FD20D5726300C7FBB4 /* LaunchScreen.storyboard */,
				0447A40020D5726300C7FBB4 /* Info.plist */,
			);
			path = Count;
			sourceTree = "<group>";
		};
		0447A40820D5726300C7FBB4 /* CountTests */ = {
			isa = PBXGroup;
			children = (
				0447A40920D5726300C7FBB4 /* CountTests.swift */,
				0447A40B20D5726300C7FBB4 /* Info.plist */,
			);
			path = CountTests;
			sourceTree = "<group>";
		};
		0447A41320D5726300C7FBB4 /* CountUITests */ = {
			isa = PBXGroup;
			children = (
				0447A41420D5726300C7FBB4 /* CountUITests.swift */,
				0447A41620D5726300C7FBB4 /* Info.plist */,
			);
			path = CountUITests;
			sourceTree = "<group>";
		};
/* End PBXGroup section */

/* Begin PBXNativeTarget section */
		0447A3F020D5726300C7FBB4 /* Count */ = {
			isa = PBXNativeTarget;
			buildConfigurationList = 0447A41920D5726300C7FBB4 /* Build configuration list for PBXNativeTarget "Count" */;
			buildPhases = (
				0447A3ED20D5726300C7FBB4 /* Sources */,
				0447A3EE20D5726300C7FBB4 /* Frameworks */,
				0447A3EF20D5726300C7FBB4 /* Resources */,
			);
			buildRules = (
			);
			dependencies = (
			);
			name = Count;
			productName = Count;
			productReference = 0447A3F120D5726300C7FBB4 /* Count.app */;
			productType = "com.apple.product-type.application";
		};
		0447A40420D5726300C7FBB4 /* CountTests */ = {
			isa = PBXNativeTarget;
			buildConfigurationList = 0447A41C20D5726300C7FBB4 /* Build configuration list for PBXNativeTarget "CountTests" */;
			buildPhases = (
				0447A40120D5726300C7FBB4 /* Sources */,
				0447A40220D5726300C7FBB4 /* Frameworks */,
				0447A40320D5726300C7FBB4 /* Resources */,
			);
			buildRules = (
			);
			dependencies = (
				0447A40720D5726300C7FBB4 /* PBXTargetDependency */,
			);
			name = CountTests;
			productName = CountTests;
			productReference = 0447A40520D5726300C7FBB4 /* CountTests.xctest */;
			productType = "com.apple.product-type.bundle.unit-test";
		};
		0447A40F20D5726300C7FBB4 /* CountUITests */ = {
			isa = PBXNativeTarget;
			buildConfigurationList = 0447A41F20D5726300C7FBB4 /* Build configuration list for PBXNativeTarget "CountUITests" */;
			buildPhases = (
				0447A40C20D5726300C7FBB4 /* Sources */,
				0447A40D20D5726300C7FBB4 /* Frameworks */,
				0447A40E20D5726300C7FBB4 /* Resources */,
			);
			buildRules = (
			);
			dependencies = (
				0447A41220D5726300C7FBB4 /* PBXTargetDependency */,
			);
			name = CountUITests;
			productName = CountUITests;
			productReference = 0447A41020D5726300C7FBB4 /* CountUITests.xctest */;
			productType = "com.apple.product-type.bundle.ui-testing";
		};
/* End PBXNativeTarget section */

/* Begin PBXProject section */
		0447A3E920D5726200C7FBB4 /* Project object */ = {
			isa = PBXProject;
			attributes = {
				LastSwiftUpdateCheck = 0920;
				LastUpgradeCheck = 0920;
				ORGANIZATIONNAME = "根本翔";
				TargetAttributes = {
					0447A3F020D5726300C7FBB4 = {
						CreatedOnToolsVersion = 9.2;
						ProvisioningStyle = Automatic;
					};
					0447A40420D5726300C7FBB4 = {
						CreatedOnToolsVersion = 9.2;
						ProvisioningStyle = Automatic;
						TestTargetID = 0447A3F020D5726300C7FBB4;
					};
					0447A40F20D5726300C7FBB4 = {
						CreatedOnToolsVersion = 9.2;
						ProvisioningStyle = Automatic;
						TestTargetID = 0447A3F020D5726300C7FBB4;
					};
				};
			};
			buildConfigurationList = 0447A3EC20D5726300C7FBB4 /* Build configuration list for PBXProject "Count" */;
			compatibilityVersion = "Xcode 8.0";
			developmentRegion = en;
			hasScannedForEncodings = 0;
			knownRegions = (
				en,
				Base,
			);
			mainGroup = 0447A3E820D5726200C7FBB4;
			productRefGroup = 0447A3F220D5726300C7FBB4 /* Products */;
			projectDirPath = "";
			projectRoot = "";
			targets = (
				0447A3F020D5726300C7FBB4 /* Count */,
				0447A40420D5726300C7FBB4 /* CountTests */,
				0447A40F20D5726300C7FBB4 /* CountUITests */,
			);
		};
/* End PBXProject section */

/* Begin PBXResourcesBuildPhase section */
		0447A3EF20D5726300C7FBB4 /* Resources */ = {
			isa = PBXResourcesBuildPhase;
			buildActionMask = 2147483647;
			files = (
				0447A3FF20D5726300C7FBB4 /* LaunchScreen.storyboard in Resources */,
				0447A3FC20D5726300C7FBB4 /* Assets.xcassets in Resources */,
				0447A42520D5747B00C7FBB4 /*  LOSER.jpg in Resources */,
				0447A3FA20D5726300C7FBB4 /* Main.storyboard in Resources */,
			);
			runOnlyForDeploymentPostprocessing = 0;
		};
		0447A40320D5726300C7FBB4 /* Resources */ = {
			isa = PBXResourcesBuildPhase;
			buildActionMask = 2147483647;
			files = (
			);
			runOnlyForDeploymentPostprocessing = 0;
		};
		0447A40E20D5726300C7FBB4 /* Resources */ = {
			isa = PBXResourcesBuildPhase;
			buildActionMask = 2147483647;
			files = (
			);
			runOnlyForDeploymentPostprocessing = 0;
		};
/* End PBXResourcesBuildPhase section */

/* Begin PBXSourcesBuildPhase section */
		0447A3ED20D5726300C7FBB4 /* Sources */ = {
			isa = PBXSourcesBuildPhase;
			buildActionMask = 2147483647;
			files = (
				0447A3F720D5726300C7FBB4 /* ViewController.swift in Sources */,
				0447A3F520D5726300C7FBB4 /* AppDelegate.swift in Sources */,
			);
			runOnlyForDeploymentPostprocessing = 0;
		};
		0447A40120D5726300C7FBB4 /* Sources */ = {
			isa = PBXSourcesBuildPhase;
			buildActionMask = 2147483647;
			files = (
				0447A40A20D5726300C7FBB4 /* CountTests.swift in Sources */,
			);
			runOnlyForDeploymentPostprocessing = 0;
		};
		0447A40C20D5726300C7FBB4 /* Sources */ = {
			isa = PBXSourcesBuildPhase;
			buildActionMask = 2147483647;
			files = (
				0447A41520D5726300C7FBB4 /* CountUITests.swift in Sources */,
			);
			runOnlyForDeploymentPostprocessing = 0;
		};
/* End PBXSourcesBuildPhase section */

/* Begin PBXTargetDependency section */
		0447A40720D5726300C7FBB4 /* PBXTargetDependency */ = {
			isa = PBXTargetDependency;
			target = 0447A3F020D5726300C7FBB4 /* Count */;
			targetProxy = 0447A40620D5726300C7FBB4 /* PBXContainerItemProxy */;
		};
		0447A41220D5726300C7FBB4 /* PBXTargetDependency */ = {
			isa = PBXTargetDependency;
			target = 0447A3F020D5726300C7FBB4 /* Count */;
			targetProxy = 0447A41120D5726300C7FBB4 /* PBXContainerItemProxy */;
		};
/* End PBXTargetDependency section */

/* Begin PBXVariantGroup section */
		0447A3F820D5726300C7FBB4 /* Main.storyboard */ = {
			isa = PBXVariantGroup;
			children = (
				0447A3F920D5726300C7FBB4 /* Base */,
			);
			name = Main.storyboard;
			sourceTree = "<group>";
		};
		0447A3FD20D5726300C7FBB4 /* LaunchScreen.storyboard */ = {
			isa = PBXVariantGroup;
			children = (
				0447A3FE20D5726300C7FBB4 /* Base */,
			);
			name = LaunchScreen.storyboard;
			sourceTree = "<group>";
		};
/* End PBXVariantGroup section */

/* Begin XCBuildConfiguration section */
		0447A41720D5726300C7FBB4 /* Debug */ = {
			isa = XCBuildConfiguration;
			buildSettings = {
				ALWAYS_SEARCH_USER_PATHS = NO;
				CLANG_ANALYZER_NONNULL = YES;
				CLANG_ANALYZER_NUMBER_OBJECT_CONVERSION = YES_AGGRESSIVE;
				CLANG_CXX_LANGUAGE_STANDARD = "gnu++14";
				CLANG_CXX_LIBRARY = "libc++";
				CLANG_ENABLE_MODULES = YES;
				CLANG_ENABLE_OBJC_ARC = YES;
				CLANG_WARN_BLOCK_CAPTURE_AUTORELEASING = YES;
				CLANG_WARN_BOOL_CONVERSION = YES;
				CLANG_WARN_COMMA = YES;
				CLANG_WARN_CONSTANT_CONVERSION = YES;
				CLANG_WARN_DIRECT_OBJC_ISA_USAGE = YES_ERROR;
				CLANG_WARN_DOCUMENTATION_COMMENTS = YES;
				CLANG_WARN_EMPTY_BODY = YES;
				CLANG_WARN_ENUM_CONVERSION = YES;
				CLANG_WARN_INFINITE_RECURSION = YES;
				CLANG_WARN_INT_CONVERSION = YES;
				CLANG_WARN_NON_LITERAL_NULL_CONVERSION = YES;
				CLANG_WARN_OBJC_LITERAL_CONVERSION = YES;
				CLANG_WARN_OBJC_ROOT_CLASS = YES_ERROR;
				CLANG_WARN_RANGE_LOOP_ANALYSIS = YES;
				CLANG_WARN_STRICT_PROTOTYPES = YES;
				CLANG_WARN_SUSPICIOUS_MOVE = YES;
				CLANG_WARN_UNGUARDED_AVAILABILITY = YES_AGGRESSIVE;
				CLANG_WARN_UNREACHABLE_CODE = YES;
				CLANG_WARN__DUPLICATE_METHOD_MATCH = YES;
				CODE_SIGN_IDENTITY = "iPhone Developer";
				COPY_PHASE_STRIP = NO;
				DEBUG_INFORMATION_FORMAT = dwarf;
				ENABLE_STRICT_OBJC_MSGSEND = YES;
				ENABLE_TESTABILITY = YES;
				GCC_C_LANGUAGE_STANDARD = gnu11;
				GCC_DYNAMIC_NO_PIC = NO;
				GCC_NO_COMMON_BLOCKS = YES;
				GCC_OPTIMIZATION_LEVEL = 0;
				GCC_PREPROCESSOR_DEFINITIONS = (
					"DEBUG=1",
					"$(inherited)",
				);
				GCC_WARN_64_TO_32_BIT_CONVERSION = YES;
				GCC_WARN_ABOUT_RETURN_TYPE = YES_ERROR;
				GCC_WARN_UNDECLARED_SELECTOR = YES;
				GCC_WARN_UNINITIALIZED_AUTOS = YES_AGGRESSIVE;
				GCC_WARN_UNUSED_FUNCTION = YES;
				GCC_WARN_UNUSED_VARIABLE = YES;
				IPHONEOS_DEPLOYMENT_TARGET = 11.2;
				MTL_ENABLE_DEBUG_INFO = YES;
				ONLY_ACTIVE_ARCH = YES;
				SDKROOT = iphoneos;
				SWIFT_ACTIVE_COMPILATION_CONDITIONS = DEBUG;
				SWIFT_OPTIMIZATION_LEVEL = "-Onone";
			};
			name = Debug;
		};
		0447A41820D5726300C7FBB4 /* Release */ = {
			isa = XCBuildConfiguration;
			buildSettings = {
				ALWAYS_SEARCH_USER_PATHS = NO;
				CLANG_ANALYZER_NONNULL = YES;
				CLANG_ANALYZER_NUMBER_OBJECT_CONVERSION = YES_AGGRESSIVE;
				CLANG_CXX_LANGUAGE_STANDARD = "gnu++14";
				CLANG_CXX_LIBRARY = "libc++";
				CLANG_ENABLE_MODULES = YES;
				CLANG_ENABLE_OBJC_ARC = YES;
				CLANG_WARN_BLOCK_CAPTURE_AUTORELEASING = YES;
				CLANG_WARN_BOOL_CONVERSION = YES;
				CLANG_WARN_COMMA = YES;
				CLANG_WARN_CONSTANT_CONVERSION = YES;
				CLANG_WARN_DIRECT_OBJC_ISA_USAGE = YES_ERROR;
				CLANG_WARN_DOCUMENTATION_COMMENTS = YES;
				CLANG_WARN_EMPTY_BODY = YES;
				CLANG_WARN_ENUM_CONVERSION = YES;
				CLANG_WARN_INFINITE_RECURSION = YES;
				CLANG_WARN_INT_CONVERSION = YES;
				CLANG_WARN_NON_LITERAL_NULL_CONVERSION = YES;
				CLANG_WARN_OBJC_LITERAL_CONVERSION = YES;
				CLANG_WARN_OBJC_ROOT_CLASS = YES_ERROR;
				CLANG_WARN_RANGE_LOOP_ANALYSIS = YES;
				CLANG_WARN_STRICT_PROTOTYPES = YES;
				CLANG_WARN_SUSPICIOUS_MOVE = YES;
				CLANG_WARN_UNGUARDED_AVAILABILITY = YES_AGGRESSIVE;
				CLANG_WARN_UNREACHABLE_CODE = YES;
				CLANG_WARN__DUPLICATE_METHOD_MATCH = YES;
				CODE_SIGN_IDENTITY = "iPhone Developer";
				COPY_PHASE_STRIP = NO;
				DEBUG_INFORMATION_FORMAT = "dwarf-with-dsym";
				ENABLE_NS_ASSERTIONS = NO;
				ENABLE_STRICT_OBJC_MSGSEND = YES;
				GCC_C_LANGUAGE_STANDARD = gnu11;
				GCC_NO_COMMON_BLOCKS = YES;
				GCC_WARN_64_TO_32_BIT_CONVERSION = YES;
				GCC_WARN_ABOUT_RETURN_TYPE = YES_ERROR;
				GCC_WARN_UNDECLARED_SELECTOR = YES;
				GCC_WARN_UNINITIALIZED_AUTOS = YES_AGGRESSIVE;
				GCC_WARN_UNUSED_FUNCTION = YES;
				GCC_WARN_UNUSED_VARIABLE = YES;
				IPHONEOS_DEPLOYMENT_TARGET = 11.2;
				MTL_ENABLE_DEBUG_INFO = NO;
				SDKROOT = iphoneos;
				SWIFT_OPTIMIZATION_LEVEL = "-Owholemodule";
				VALIDATE_PRODUCT = YES;
			};
			name = Release;
		};
		0447A41A20D5726300C7FBB4 /* Debug */ = {
			isa = XCBuildConfiguration;
			buildSettings = {
				ASSETCATALOG_COMPILER_APPICON_NAME = AppIcon;
				CODE_SIGN_STYLE = Automatic;
				INFOPLIST_FILE = Count/Info.plist;
				LD_RUNPATH_SEARCH_PATHS = "$(inherited) @executable_path/Frameworks";
				PRODUCT_BUNDLE_IDENTIFIER = "Life-is-tech.Count";
				PRODUCT_NAME = "$(TARGET_NAME)";
				SWIFT_VERSION = 4.0;
				TARGETED_DEVICE_FAMILY = "1,2";
			};
			name = Debug;
		};
		0447A41B20D5726300C7FBB4 /* Release */ = {
			isa = XCBuildConfiguration;
			buildSettings = {
				ASSETCATALOG_COMPILER_APPICON_NAME = AppIcon;
				CODE_SIGN_STYLE = Automatic;
				INFOPLIST_FILE = Count/Info.plist;
				LD_RUNPATH_SEARCH_PATHS = "$(inherited) @executable_path/Frameworks";
				PRODUCT_BUNDLE_IDENTIFIER = "Life-is-tech.Count";
				PRODUCT_NAME = "$(TARGET_NAME)";
				SWIFT_VERSION = 4.0;
				TARGETED_DEVICE_FAMILY = "1,2";
			};
			name = Release;
		};
		0447A41D20D5726300C7FBB4 /* Debug */ = {
			isa = XCBuildConfiguration;
			buildSettings = {
				ALWAYS_EMBED_SWIFT_STANDARD_LIBRARIES = YES;
				BUNDLE_LOADER = "$(TEST_HOST)";
				CODE_SIGN_STYLE = Automatic;
				INFOPLIST_FILE = CountTests/Info.plist;
				LD_RUNPATH_SEARCH_PATHS = "$(inherited) @executable_path/Frameworks @loader_path/Frameworks";
				PRODUCT_BUNDLE_IDENTIFIER = "Life-is-tech.CountTests";
				PRODUCT_NAME = "$(TARGET_NAME)";
				SWIFT_VERSION = 4.0;
				TARGETED_DEVICE_FAMILY = "1,2";
				TEST_HOST = "$(BUILT_PRODUCTS_DIR)/Count.app/Count";
			};
			name = Debug;
		};
		0447A41E20D5726300C7FBB4 /* Release */ = {
			isa = XCBuildConfiguration;
			buildSettings = {
				ALWAYS_EMBED_SWIFT_STANDARD_LIBRARIES = YES;
				BUNDLE_LOADER = "$(TEST_HOST)";
				CODE_SIGN_STYLE = Automatic;
				INFOPLIST_FILE = CountTests/Info.plist;
				LD_RUNPATH_SEARCH_PATHS = "$(inherited) @executable_path/Frameworks @loader_path/Frameworks";
				PRODUCT_BUNDLE_IDENTIFIER = "Life-is-tech.CountTests";
				PRODUCT_NAME = "$(TARGET_NAME)";
				SWIFT_VERSION = 4.0;
				TARGETED_DEVICE_FAMILY = "1,2";
				TEST_HOST = "$(BUILT_PRODUCTS_DIR)/Count.app/Count";
			};
			name = Release;
		};
		0447A42020D5726300C7FBB4 /* Debug */ = {
			isa = XCBuildConfiguration;
			buildSettings = {
				ALWAYS_EMBED_SWIFT_STANDARD_LIBRARIES = YES;
				CODE_SIGN_STYLE = Automatic;
				INFOPLIST_FILE = CountUITests/Info.plist;
				LD_RUNPATH_SEARCH_PATHS = "$(inherited) @executable_path/Frameworks @loader_path/Frameworks";
				PRODUCT_BUNDLE_IDENTIFIER = "Life-is-tech.CountUITests";
				PRODUCT_NAME = "$(TARGET_NAME)";
				SWIFT_VERSION = 4.0;
				TARGETED_DEVICE_FAMILY = "1,2";
				TEST_TARGET_NAME = Count;
			};
			name = Debug;
		};
		0447A42120D5726300C7FBB4 /* Release */ = {
			isa = XCBuildConfiguration;
			buildSettings = {
				ALWAYS_EMBED_SWIFT_STANDARD_LIBRARIES = YES;
				CODE_SIGN_STYLE = Automatic;
				INFOPLIST_FILE = CountUITests/Info.plist;
				LD_RUNPATH_SEARCH_PATHS = "$(inherited) @executable_path/Frameworks @loader_path/Frameworks";
				PRODUCT_BUNDLE_IDENTIFIER = "Life-is-tech.CountUITests";
				PRODUCT_NAME = "$(TARGET_NAME)";
				SWIFT_VERSION = 4.0;
				TARGETED_DEVICE_FAMILY = "1,2";
				TEST_TARGET_NAME = Count;
			};
			name = Release;
		};
/* End XCBuildConfiguration section */

/* Begin XCConfigurationList section */
		0447A3EC20D5726300C7FBB4 /* Build configuration list for PBXProject "Count" */ = {
			isa = XCConfigurationList;
			buildConfigurations = (
				0447A41720D5726300C7FBB4 /* Debug */,
				0447A41820D5726300C7FBB4 /* Release */,
			);
			defaultConfigurationIsVisible = 0;
			defaultConfigurationName = Release;
		};
		0447A41920D5726300C7FBB4 /* Build configuration list for PBXNativeTarget "Count" */ = {
			isa = XCConfigurationList;
			buildConfigurations = (
				0447A41A20D5726300C7FBB4 /* Debug */,
				0447A41B20D5726300C7FBB4 /* Release */,
			);
			defaultConfigurationIsVisible = 0;
			defaultConfigurationName = Release;
		};
		0447A41C20D5726300C7FBB4 /* Build configuration list for PBXNativeTarget "CountTests" */ = {
			isa = XCConfigurationList;
			buildConfigurations = (
				0447A41D20D5726300C7FBB4 /* Debug */,
				0447A41E20D5726300C7FBB4 /* Release */,
			);
			defaultConfigurationIsVisible = 0;
			defaultConfigurationName = Release;
		};
		0447A41F20D5726300C7FBB4 /* Build configuration list for PBXNativeTarget "CountUITests" */ = {
			isa = XCConfigurationList;
			buildConfigurations = (
				0447A42020D5726300C7FBB4 /* Debug */,
				0447A42120D5726300C7FBB4 /* Release */,
			);
			defaultConfigurationIsVisible = 0;
			defaultConfigurationName = Release;
		};
/* End XCConfigurationList section */
	};
	rootObject = 0447A3E920D5726200C7FBB4 /* Project object */;
}
